
Microsoft Visual Studio Solution File, Format Version 12.00
# Visual Studio Version 16
VisualStudioVersion = 16.0.30611.23
MinimumVisualStudioVersion = 10.0.40219.1
Project("{FAE04EC0-301F-11D3-BF4B-00C04F79EFBC}") = "GUI_Hangman", "GUI_Hangman\GUI_Hangman.csproj", "{B008D79D-C4A6-46F6-9494-86D4D5D7DB21}"
EndProject
Global
	GlobalSection(SolutionConfigurationPlatforms) = preSolution
		Debug|Any CPU = Debug|Any CPU
		Release|Any CPU = Release|Any CPU
	EndGlobalSection
	GlobalSection(ProjectConfigurationPlatforms) = postSolution
		{B008D79D-C4A6-46F6-9494-86D4D5D7DB21}.Debug|Any CPU.ActiveCfg = Debug|Any CPU
		{B008D79D-C4A6-46F6-9494-86D4D5D7DB21}.Debug|Any CPU.Build.0 = Debug|Any CPU
		{B008D79D-C4A6-46F6-9494-86D4D5D7DB21}.Release|Any CPU.ActiveCfg = Release|Any CPU
		{B008D79D-C4A6-46F6-9494-86D4D5D7DB21}.Release|Any CPU.Build.0 = Release|Any CPU
	EndGlobalSection
	GlobalSection(SolutionProperties) = preSolution
		HideSolutionNode = FALSE
	EndGlobalSection
	GlobalSection(ExtensibilityGlobals) = postSolution
		SolutionGuid = {DE8FA57A-5E19-4689-A7EA-075BCAA80DCE}
	EndGlobalSection
EndGlobal
